lockfileVersion: '9.0'

settings:
  autoInstallPeers: true
  excludeLinksFromLockfile: false

importers:

  .:
    dependencies:
      '@anthropic-ai/sdk':
        specifier: ^0.67.0
        version: 0.67.0
    devDependencies:
      '@types/node':
        specifier: ^24.9.1
        version: 24.9.1

packages:

  '@anthropic-ai/sdk@0.67.0':
    resolution: {integrity: sha512-Buxbf6jYJ+pPtfCgXe1pcFtZmdXPrbdqhBjiscFt9irS1G0hCsmR/fPA+DwKTk4GPjqeNnnCYNecXH6uVZ4G/A==}
    hasBin: true
    peerDependencies:
      zod: ^3.25.0 || ^4.0.0
    peerDependenciesMeta:
      zod:
        optional: true

  '@babel/runtime@7.28.4':
    resolution: {integrity: sha512-Q/N6JNWvIvPnLDvjlE1OUBLPQHH6l3CltCEsHIujp45zQUSSh8K+gHnaEX45yAT1nyngnINhvWtzN+Nb9D8RAQ==}
    engines: {node: '>=6.9.0'}

  '@types/node@24.9.1':
    resolution: {integrity: sha512-QoiaXANRkSXK6p0Duvt56W208du4P9Uye9hWLWgGMDTEoKPhuenzNcC4vGUmrNkiOKTlIrBoyNQYNpSwfEZXSg==}

  json-schema-to-ts@3.1.1:
    resolution: {integrity: sha512-+DWg8jCJG2TEnpy7kOm/7/AxaYoaRbjVB4LFZLySZlWn8exGs3A4OLJR966cVvU26N7X9TWxl+Jsw7dzAqKT6g==}
    engines: {node: '>=16'}

  ts-algebra@2.0.0:
    resolution: {integrity: sha512-FPAhNPFMrkwz76P7cdjdmiShwMynZYN6SgOujD1urY4oNm80Ou9oMdmbR45LotcKOXoy7wSmHkRFE6Mxbrhefw==}

  undici-types@7.16.0:
    resolution: {integrity: sha512-Zz+aZWSj8LE6zoxD+xrjh4VfkIG8Ya6LvYkZqtUQGJPZjYl53ypCaUwWqo7eI0x66KBGeRo+mlBEkMSeSZ38Nw==}

snapshots:

  '@anthropic-ai/sdk@0.67.0':
    dependencies:
      json-schema-to-ts: 3.1.1

  '@babel/runtime@7.28.4': {}

  '@types/node@24.9.1':
    dependencies:
      undici-types: 7.16.0

  json-schema-to-ts@3.1.1:
    dependencies:
      '@babel/runtime': 7.28.4
      ts-algebra: 2.0.0

  ts-algebra@2.0.0: {}

  undici-types@7.16.0: {}
